{
  "projects": [
    {
      "projectId": "2z5rPdFHZr7bZiak9bFJHw",
      "version": "latest",
      "dependencies": {},
      "lang": "ts",
      "fileLocks": [
        {
          "type": "globalVariant",
          "assetId": "iKIDAJ68PBA6i",
          "checksum": "2d0a863ee2d193b882d0a39fed682f5c"
        },
        {
          "type": "renderModule",
          "assetId": "-Ka_gvZbo3br",
          "checksum": "41f6e7846a72c85826aa1476bf7ba80a"
        },
        {
          "type": "cssRules",
          "assetId": "-Ka_gvZbo3br",
          "checksum": "41f6e7846a72c85826aa1476bf7ba80a"
        },
        {
          "type": "renderModule",
          "assetId": "wSrZBcJknfq",
          "checksum": "0350f9aa1097fc20cce8ba6b4cfafcc9"
        },
        {
          "type": "cssRules",
          "assetId": "wSrZBcJknfq",
          "checksum": "0350f9aa1097fc20cce8ba6b4cfafcc9"
        },
        {
          "type": "renderModule",
          "assetId": "E75G9lmFSaD",
          "checksum": "977a05c03e563f6ce9ebc77308bcdc5a"
        },
        {
          "type": "cssRules",
          "assetId": "E75G9lmFSaD",
          "checksum": "977a05c03e563f6ce9ebc77308bcdc5a"
        },
        {
          "type": "renderModule",
          "assetId": "VXo0N8loUAV",
          "checksum": "39db1e06822497602294df7a4d89f51f"
        },
        {
          "type": "cssRules",
          "assetId": "VXo0N8loUAV",
          "checksum": "39db1e06822497602294df7a4d89f51f"
        },
        {
          "type": "renderModule",
          "assetId": "YdYhrXoxJA1",
          "checksum": "56a9c11d31ab9869eb5c3ee240029380"
        },
        {
          "type": "cssRules",
          "assetId": "YdYhrXoxJA1",
          "checksum": "56a9c11d31ab9869eb5c3ee240029380"
        },
        {
          "type": "renderModule",
          "assetId": "heFNPqheeWK",
          "checksum": "c9c58f439d3bf0f6b31275578a33b033"
        },
        {
          "type": "cssRules",
          "assetId": "heFNPqheeWK",
          "checksum": "c9c58f439d3bf0f6b31275578a33b033"
        },
        {
          "type": "icon",
          "assetId": "K4AXeW9I9A",
          "checksum": "6e510fc6cfc53dd2319b3f6ee40fd80d"
        },
        {
          "type": "icon",
          "assetId": "8x8W_6AMAu",
          "checksum": "3c3b2bbcbd4a70444241e60004faf0d1"
        },
        {
          "type": "icon",
          "assetId": "H25cevz1Q0a",
          "checksum": "0d217c54ba14ee0af521defd0163d7eb"
        },
        {
          "type": "icon",
          "assetId": "EyvRYwpgc9-",
          "checksum": "df2d0e2d5649db92cbfebd67a5535dd5"
        },
        {
          "type": "icon",
          "assetId": "_flsZuGE13Q",
          "checksum": "4265a2c10002e901c303dd44a0cb922b"
        },
        {
          "type": "icon",
          "assetId": "5ZgdjROksJ0",
          "checksum": "843d0aa659558147bd5169355dc99a15"
        },
        {
          "assetId": "2z5rPdFHZr7bZiak9bFJHw",
          "type": "projectCss",
          "checksum": "54ac267a53cdd5eba375c87ba54043a8"
        }
      ],
      "codegenVersion": "0.0.1"
    }
  ],
  "cliVersion": "0.1.214"
}
