{
  "projects": [
    {
      "projectId": "2z5rPdFHZr7bZiak9bFJHw",
      "version": "latest",
      "dependencies": {},
      "lang": "ts",
      "fileLocks": [
        {
          "type": "globalVariant",
          "assetId": "iKIDAJ68PBA6i",
          "checksum": "2d0a863ee2d193b882d0a39fed682f5c"
        },
        {
          "type": "renderModule",
          "assetId": "-Ka_gvZbo3br",
          "checksum": "1fdfb9149dc46ced226a95fa3e0a21c9"
        },
        {
          "type": "cssRules",
          "assetId": "-Ka_gvZbo3br",
          "checksum": "1fdfb9149dc46ced226a95fa3e0a21c9"
        },
        {
          "type": "renderModule",
          "assetId": "wSrZBcJknfq",
          "checksum": "e605e842c9ae9755e6b9e121bf18a7ea"
        },
        {
          "type": "cssRules",
          "assetId": "wSrZBcJknfq",
          "checksum": "e605e842c9ae9755e6b9e121bf18a7ea"
        },
        {
          "type": "renderModule",
          "assetId": "E75G9lmFSaD",
          "checksum": "b83c0ba600dc19ec240002cbdb17e46f"
        },
        {
          "type": "cssRules",
          "assetId": "E75G9lmFSaD",
          "checksum": "b83c0ba600dc19ec240002cbdb17e46f"
        },
        {
          "type": "renderModule",
          "assetId": "VXo0N8loUAV",
          "checksum": "b341c7c6760c2756700f0d33ff300e64"
        },
        {
          "type": "cssRules",
          "assetId": "VXo0N8loUAV",
          "checksum": "b341c7c6760c2756700f0d33ff300e64"
        },
        {
          "type": "renderModule",
          "assetId": "YdYhrXoxJA1",
          "checksum": "dd5429f27c799fa8a9d555fe88640142"
        },
        {
          "type": "cssRules",
          "assetId": "YdYhrXoxJA1",
          "checksum": "dd5429f27c799fa8a9d555fe88640142"
        },
        {
          "type": "renderModule",
          "assetId": "heFNPqheeWK",
          "checksum": "41b038befada04db11a8a3f521127a3c"
        },
        {
          "type": "cssRules",
          "assetId": "heFNPqheeWK",
          "checksum": "41b038befada04db11a8a3f521127a3c"
        },
        {
          "type": "icon",
          "assetId": "K4AXeW9I9A",
          "checksum": "6e510fc6cfc53dd2319b3f6ee40fd80d"
        },
        {
          "type": "icon",
          "assetId": "8x8W_6AMAu",
          "checksum": "3c3b2bbcbd4a70444241e60004faf0d1"
        },
        {
          "type": "icon",
          "assetId": "H25cevz1Q0a",
          "checksum": "0d217c54ba14ee0af521defd0163d7eb"
        },
        {
          "type": "icon",
          "assetId": "EyvRYwpgc9-",
          "checksum": "df2d0e2d5649db92cbfebd67a5535dd5"
        },
        {
          "type": "icon",
          "assetId": "_flsZuGE13Q",
          "checksum": "4265a2c10002e901c303dd44a0cb922b"
        },
        {
          "type": "icon",
          "assetId": "5ZgdjROksJ0",
          "checksum": "843d0aa659558147bd5169355dc99a15"
        },
        {
          "assetId": "2z5rPdFHZr7bZiak9bFJHw",
          "type": "projectCss",
          "checksum": "54ac267a53cdd5eba375c87ba54043a8"
        }
      ],
      "codegenVersion": "0.0.1"
    }
  ],
  "cliVersion": "0.1.214"
}
